
Microsoft Visual Studio Solution File, Format Version 12.00
# Visual Studio Version 17
VisualStudioVersion = 17.8.34330.188
MinimumVisualStudioVersion = 10.0.40219.1
Project("{9A19103F-16F7-4668-BE54-9A1E7A4F7556}") = "AstroClient", "AstroClient\AstroClient.csproj", "{7FCB9DC7-AF78-44E5-B215-0AE7377F6407}"
EndProject
Project("{FAE04EC0-301F-11D3-BF4B-00C04F79EFBC}") = "AstroLibrary", "AstroLibrary\AstroLibrary.csproj", "{1120AE52-8C80-42BA-8B37-D3CA4FED0D4E}"
EndProject
Global
	GlobalSection(SolutionConfigurationPlatforms) = preSolution
		Debug|Any CPU = Debug|Any CPU
		Release|Any CPU = Release|Any CPU
	EndGlobalSection
	GlobalSection(ProjectConfigurationPlatforms) = postSolution
		{7FCB9DC7-AF78-44E5-B215-0AE7377F6407}.Debug|Any CPU.ActiveCfg = Debug|Any CPU
		{7FCB9DC7-AF78-44E5-B215-0AE7377F6407}.Debug|Any CPU.Build.0 = Debug|Any CPU
		{7FCB9DC7-AF78-44E5-B215-0AE7377F6407}.Release|Any CPU.ActiveCfg = Release|Any CPU
		{7FCB9DC7-AF78-44E5-B215-0AE7377F6407}.Release|Any CPU.Build.0 = Release|Any CPU
		{1120AE52-8C80-42BA-8B37-D3CA4FED0D4E}.Debug|Any CPU.ActiveCfg = Debug|Any CPU
		{1120AE52-8C80-42BA-8B37-D3CA4FED0D4E}.Debug|Any CPU.Build.0 = Debug|Any CPU
		{1120AE52-8C80-42BA-8B37-D3CA4FED0D4E}.Release|Any CPU.ActiveCfg = Release|Any CPU
		{1120AE52-8C80-42BA-8B37-D3CA4FED0D4E}.Release|Any CPU.Build.0 = Release|Any CPU
	EndGlobalSection
	GlobalSection(SolutionProperties) = preSolution
		HideSolutionNode = FALSE
	EndGlobalSection
	GlobalSection(ExtensibilityGlobals) = postSolution
		SolutionGuid = {ABBE3D13-F19A-4D1C-9BAA-0070D8C17784}
	EndGlobalSection
EndGlobal
